
Microsoft Visual Studio Solution File, Format Version 12.00
# Visual Studio Version 17
VisualStudioVersion = 17.4.33205.214
MinimumVisualStudioVersion = 10.0.40219.1
Project("{FAE04EC0-301F-11D3-BF4B-00C04F79EFBC}") = "GameManagerAPI", "GameManagerAPI\GameManagerAPI.csproj", "{3077D300-58BA-43DC-82F4-5BA0EE560FF2}"
EndProject
Project("{FAE04EC0-301F-11D3-BF4B-00C04F79EFBC}") = "BoardAPI", "BoardAPI\BoardAPI.csproj", "{87853863-F39A-4E82-9C5A-8A3475D907FF}"
EndProject
Project("{FAE04EC0-301F-11D3-BF4B-00C04F79EFBC}") = "BotAPI", "BotAPI\BotAPI.csproj", "{4231804F-A263-4B61-AB98-22763D3E78A8}"
EndProject
Global
	GlobalSection(SolutionConfigurationPlatforms) = preSolution
		Debug|Any CPU = Debug|Any CPU
		Release|Any CPU = Release|Any CPU
	EndGlobalSection
	GlobalSection(ProjectConfigurationPlatforms) = postSolution
		{3077D300-58BA-43DC-82F4-5BA0EE560FF2}.Debug|Any CPU.ActiveCfg = Debug|Any CPU
		{3077D300-58BA-43DC-82F4-5BA0EE560FF2}.Debug|Any CPU.Build.0 = Debug|Any CPU
		{3077D300-58BA-43DC-82F4-5BA0EE560FF2}.Release|Any CPU.ActiveCfg = Release|Any CPU
		{3077D300-58BA-43DC-82F4-5BA0EE560FF2}.Release|Any CPU.Build.0 = Release|Any CPU
		{87853863-F39A-4E82-9C5A-8A3475D907FF}.Debug|Any CPU.ActiveCfg = Debug|Any CPU
		{87853863-F39A-4E82-9C5A-8A3475D907FF}.Debug|Any CPU.Build.0 = Debug|Any CPU
		{87853863-F39A-4E82-9C5A-8A3475D907FF}.Release|Any CPU.ActiveCfg = Release|Any CPU
		{87853863-F39A-4E82-9C5A-8A3475D907FF}.Release|Any CPU.Build.0 = Release|Any CPU
		{4231804F-A263-4B61-AB98-22763D3E78A8}.Debug|Any CPU.ActiveCfg = Debug|Any CPU
		{4231804F-A263-4B61-AB98-22763D3E78A8}.Debug|Any CPU.Build.0 = Debug|Any CPU
		{4231804F-A263-4B61-AB98-22763D3E78A8}.Release|Any CPU.ActiveCfg = Release|Any CPU
		{4231804F-A263-4B61-AB98-22763D3E78A8}.Release|Any CPU.Build.0 = Release|Any CPU
	EndGlobalSection
	GlobalSection(SolutionProperties) = preSolution
		HideSolutionNode = FALSE
	EndGlobalSection
	GlobalSection(ExtensibilityGlobals) = postSolution
		SolutionGuid = {1998C69C-3A38-4008-8810-102C185BC5CE}
	EndGlobalSection
EndGlobal
